{
  "name": "promisified-redis",
  "version": "0.0.4",
  "lockfileVersion": 1,
  "requires": true,
  "dependencies": {
    "@types/bluebird": {
      "version": "3.5.19",
      "resolved": "http://registry.npm.taobao.org/@types/bluebird/download/@types/bluebird-3.5.19.tgz",
      "integrity": "sha1-GkcwiBmsLR1tHKT12ACshJJBAN4="
    },
    "@types/events": {
      "version": "1.1.0",
      "resolved": "http://registry.npm.taobao.org/@types/events/download/@types/events-1.1.0.tgz",
      "integrity": "sha1-k7G+kfY8GERQOFJyxHtklv0CjgI="
    },
    "@types/node": {
      "version": "9.3.0",
      "resolved": "http://registry.npm.taobao.org/@types/node/download/@types/node-9.3.0.tgz",
      "integrity": "sha1-OhKc2nxOXfJAlwJiaJLLS5ZUbdU="
    },
    "@types/redis": {
      "version": "2.8.4",
      "resolved": "http://registry.npm.taobao.org/@types/redis/download/@types/redis-2.8.4.tgz",
      "integrity": "sha1-n5545NzpCtAyrvI6Mrzq+q2z3OY=",
      "requires": {
        "@types/events": "1.1.0",
        "@types/node": "9.3.0"
      }
    },
    "typescript": {
      "version": "2.6.2",
      "resolved": "http://registry.npm.taobao.org/typescript/download/typescript-2.6.2.tgz",
      "integrity": "sha1-PFtv1/beCRQmkCfwPAlGdY92c6Q=",
      "dev": true
    }
  }
}
